
Microsoft Visual Studio Solution File, Format Version 12.00
# Visual Studio Version 17
VisualStudioVersion = 17.3.32901.215
MinimumVisualStudioVersion = 10.0.40219.1
Project("{FAE04EC0-301F-11D3-BF4B-00C04F79EFBC}") = "2048WinFormsApp", "2048WinFormsApp\2048WinFormsApp.csproj", "{503795E3-7328-4C3A-8117-30A78A50E66E}"
EndProject
Global
	GlobalSection(SolutionConfigurationPlatforms) = preSolution
		Debug|Any CPU = Debug|Any CPU
		Release|Any CPU = Release|Any CPU
	EndGlobalSection
	GlobalSection(ProjectConfigurationPlatforms) = postSolution
		{503795E3-7328-4C3A-8117-30A78A50E66E}.Debug|Any CPU.ActiveCfg = Debug|Any CPU
		{503795E3-7328-4C3A-8117-30A78A50E66E}.Debug|Any CPU.Build.0 = Debug|Any CPU
		{503795E3-7328-4C3A-8117-30A78A50E66E}.Release|Any CPU.ActiveCfg = Release|Any CPU
		{503795E3-7328-4C3A-8117-30A78A50E66E}.Release|Any CPU.Build.0 = Release|Any CPU
	EndGlobalSection
	GlobalSection(SolutionProperties) = preSolution
		HideSolutionNode = FALSE
	EndGlobalSection
	GlobalSection(ExtensibilityGlobals) = postSolution
		SolutionGuid = {4E9C609A-0F97-4DBE-8BD2-BFB5D2412325}
	EndGlobalSection
EndGlobal
